// !$*UTF8*$!
{
	archiveVersion = 1;
	classes = {
	};
	objectVersion = 50;
	objects = {

/* Begin PBXBuildFile section */
		785C86E025EBA7CB0078357B /* AppDelegate.swift in Sources */ = {isa = PBXBuildFile; fileRef = 785C86DF25EBA7CB0078357B /* AppDelegate.swift */; };
		785C86E225EBA7CB0078357B /* SceneDelegate.swift in Sources */ = {isa = PBXBuildFile; fileRef = 785C86E125EBA7CB0078357B /* SceneDelegate.swift */; };
		785C86E425EBA7CB0078357B /* ViewController.swift in Sources */ = {isa = PBXBuildFile; fileRef = 785C86E325EBA7CB0078357B /* ViewController.swift */; };
		785C86E725EBA7CB0078357B /* Main.storyboard in Resources */ = {isa = PBXBuildFile; fileRef = 785C86E525EBA7CB0078357B /* Main.storyboard */; };
		785C86E925EBA7CB0078357B /* Assets.xcassets in Resources */ = {isa = PBXBuildFile; fileRef = 785C86E825EBA7CB0078357B /* Assets.xcassets */; };
		785C86EC25EBA7CB0078357B /* LaunchScreen.storyboard in Resources */ = {isa = PBXBuildFile; fileRef = 785C86EA25EBA7CB0078357B /* LaunchScreen.storyboard */; };
		78A55FE525EE9FCE0098463A /* PasswordManagerSDK.framework in Frameworks */ = {isa = PBXBuildFile; fileRef = 78A55FE325EE9FC80098463A /* PasswordManagerSDK.framework */; };
		78A55FE625EE9FCE0098463A /* PasswordManagerSDK.framework in Embed Frameworks */ = {isa = PBXBuildFile; fileRef = 78A55FE325EE9FC80098463A /* PasswordManagerSDK.framework */; settings = {ATTRIBUTES = (RemoveHeadersOnCopy, ); }; };
/* End PBXBuildFile section */

/* Begin PBXCopyFilesBuildPhase section */
		785C86FC25EBA9270078357B /* Embed Frameworks */ = {
			isa = PBXCopyFilesBuildPhase;
			buildActionMask = 2147483647;
			dstPath = "";
			dstSubfolderSpec = 10;
			files = (
				78A55FE625EE9FCE0098463A /* PasswordManagerSDK.framework in Embed Frameworks */,
			);
			name = "Embed Frameworks";
			runOnlyForDeploymentPostprocessing = 0;
		};
/* End PBXCopyFilesBuildPhase section */

/* Begin PBXFileReference section */
		785C86DC25EBA7CB0078357B /* PassManageUsingSDK.app */ = {isa = PBXFileReference; explicitFileType = wrapper.application; includeInIndex = 0; path = PassManageUsingSDK.app; sourceTree = BUILT_PRODUCTS_DIR; };
		785C86DF25EBA7CB0078357B /* AppDelegate.swift */ = {isa = PBXFileReference; lastKnownFileType = sourcecode.swift; path = AppDelegate.swift; sourceTree = "<group>"; };
		785C86E125EBA7CB0078357B /* SceneDelegate.swift */ = {isa = PBXFileReference; lastKnownFileType = sourcecode.swift; path = SceneDelegate.swift; sourceTree = "<group>"; };
		785C86E325EBA7CB0078357B /* ViewController.swift */ = {isa = PBXFileReference; lastKnownFileType = sourcecode.swift; path = ViewController.swift; sourceTree = "<group>"; };
		785C86E625EBA7CB0078357B /* Base */ = {isa = PBXFileReference; lastKnownFileType = file.storyboard; name = Base; path = Base.lproj/Main.storyboard; sourceTree = "<group>"; };
		785C86E825EBA7CB0078357B /* Assets.xcassets */ = {isa = PBXFileReference; lastKnownFileType = folder.assetcatalog; path = Assets.xcassets; sourceTree = "<group>"; };
		785C86EB25EBA7CB0078357B /* Base */ = {isa = PBXFileReference; lastKnownFileType = file.storyboard; name = Base; path = Base.lproj/LaunchScreen.storyboard; sourceTree = "<group>"; };
		785C86ED25EBA7CB0078357B /* Info.plist */ = {isa = PBXFileReference; lastKnownFileType = text.plist.xml; path = Info.plist; sourceTree = "<group>"; };
		78A55FE325EE9FC80098463A /* PasswordManagerSDK.framework */ = {isa = PBXFileReference; lastKnownFileType = wrapper.framework; path = PasswordManagerSDK.framework; sourceTree = "<group>"; };
/* End PBXFileReference section */

/* Begin PBXFrameworksBuildPhase section */
		785C86D925EBA7CB0078357B /* Frameworks */ = {
			isa = PBXFrameworksBuildPhase;
			buildActionMask = 2147483647;
			files = (
				78A55FE525EE9FCE0098463A /* PasswordManagerSDK.framework in Frameworks */,
			);
			runOnlyForDeploymentPostprocessing = 0;
		};
/* End PBXFrameworksBuildPhase section */

/* Begin PBXGroup section */
		785C86D325EBA7CB0078357B = {
			isa = PBXGroup;
			children = (
				785C86DE25EBA7CB0078357B /* PassManageUsingSDK */,
				785C86DD25EBA7CB0078357B /* Products */,
			);
			sourceTree = "<group>";
		};
		785C86DD25EBA7CB0078357B /* Products */ = {
			isa = PBXGroup;
			children = (
				785C86DC25EBA7CB0078357B /* PassManageUsingSDK.app */,
			);
			name = Products;
			sourceTree = "<group>";
		};
		785C86DE25EBA7CB0078357B /* PassManageUsingSDK */ = {
			isa = PBXGroup;
			children = (
				78A55FE325EE9FC80098463A /* PasswordManagerSDK.framework */,
				785C86DF25EBA7CB0078357B /* AppDelegate.swift */,
				785C86E125EBA7CB0078357B /* SceneDelegate.swift */,
				785C86E325EBA7CB0078357B /* ViewController.swift */,
				785C86E525EBA7CB0078357B /* Main.storyboard */,
				785C86E825EBA7CB0078357B /* Assets.xcassets */,
				785C86EA25EBA7CB0078357B /* LaunchScreen.storyboard */,
				785C86ED25EBA7CB0078357B /* Info.plist */,
			);
			path = PassManageUsingSDK;
			sourceTree = "<group>";
		};
/* End PBXGroup section */

/* Begin PBXNativeTarget section */
		785C86DB25EBA7CB0078357B /* PassManageUsingSDK */ = {
			isa = PBXNativeTarget;
			buildConfigurationList = 785C86F025EBA7CB0078357B /* Build configuration list for PBXNativeTarget "PassManageUsingSDK" */;
			buildPhases = (
				785C86D825EBA7CB0078357B /* Sources */,
				785C86D925EBA7CB0078357B /* Frameworks */,
				785C86DA25EBA7CB0078357B /* Resources */,
				785C86FC25EBA9270078357B /* Embed Frameworks */,
			);
			buildRules = (
			);
			dependencies = (
			);
			name = PassManageUsingSDK;
			productName = PassManageUsingSDK;
			productReference = 785C86DC25EBA7CB0078357B /* PassManageUsingSDK.app */;
			productType = "com.apple.product-type.application";
		};
/* End PBXNativeTarget section */

/* Begin PBXProject section */
		785C86D425EBA7CB0078357B /* Project object */ = {
			isa = PBXProject;
			attributes = {
				LastSwiftUpdateCheck = 1240;
				LastUpgradeCheck = 1240;
				TargetAttributes = {
					785C86DB25EBA7CB0078357B = {
						CreatedOnToolsVersion = 12.4;
					};
				};
			};
			buildConfigurationList = 785C86D725EBA7CB0078357B /* Build configuration list for PBXProject "PassManageUsingSDK" */;
			compatibilityVersion = "Xcode 9.3";
			developmentRegion = en;
			hasScannedForEncodings = 0;
			knownRegions = (
				en,
				Base,
			);
			mainGroup = 785C86D325EBA7CB0078357B;
			productRefGroup = 785C86DD25EBA7CB0078357B /* Products */;
			projectDirPath = "";
			projectRoot = "";
			targets = (
				785C86DB25EBA7CB0078357B /* PassManageUsingSDK */,
			);
		};
/* End PBXProject section */

/* Begin PBXResourcesBuildPhase section */
		785C86DA25EBA7CB0078357B /* Resources */ = {
			isa = PBXResourcesBuildPhase;
			buildActionMask = 2147483647;
			files = (
				785C86EC25EBA7CB0078357B /* LaunchScreen.storyboard in Resources */,
				785C86E925EBA7CB0078357B /* Assets.xcassets in Resources */,
				785C86E725EBA7CB0078357B /* Main.storyboard in Resources */,
			);
			runOnlyForDeploymentPostprocessing = 0;
		};
/* End PBXResourcesBuildPhase section */

/* Begin PBXSourcesBuildPhase section */
		785C86D825EBA7CB0078357B /* Sources */ = {
			isa = PBXSourcesBuildPhase;
			buildActionMask = 2147483647;
			files = (
				785C86E425EBA7CB0078357B /* ViewController.swift in Sources */,
				785C86E025EBA7CB0078357B /* AppDelegate.swift in Sources */,
				785C86E225EBA7CB0078357B /* SceneDelegate.swift in Sources */,
			);
			runOnlyForDeploymentPostprocessing = 0;
		};
/* End PBXSourcesBuildPhase section */

/* Begin PBXVariantGroup section */
		785C86E525EBA7CB0078357B /* Main.storyboard */ = {
			isa = PBXVariantGroup;
			children = (
				785C86E625EBA7CB0078357B /* Base */,
			);
			name = Main.storyboard;
			sourceTree = "<group>";
		};
		785C86EA25EBA7CB0078357B /* LaunchScreen.storyboard */ = {
			isa = PBXVariantGroup;
			children = (
				785C86EB25EBA7CB0078357B /* Base */,
			);
			name = LaunchScreen.storyboard;
			sourceTree = "<group>";
		};
/* End PBXVariantGroup section */

/* Begin XCBuildConfiguration section */
		785C86EE25EBA7CB0078357B /* Debug */ = {
			isa = XCBuildConfiguration;
			buildSettings = {
				ALWAYS_SEARCH_USER_PATHS = NO;
				CLANG_ANALYZER_NONNULL = YES;
				CLANG_ANALYZER_NUMBER_OBJECT_CONVERSION = YES_AGGRESSIVE;
				CLANG_CXX_LANGUAGE_STANDARD = "gnu++14";
				CLANG_CXX_LIBRARY = "libc++";
				CLANG_ENABLE_MODULES = YES;
				CLANG_ENABLE_OBJC_ARC = YES;
				CLANG_ENABLE_OBJC_WEAK = YES;
				CLANG_WARN_BLOCK_CAPTURE_AUTORELEASING = YES;
				CLANG_WARN_BOOL_CONVERSION = YES;
				CLANG_WARN_COMMA = YES;
				CLANG_WARN_CONSTANT_CONVERSION = YES;
				CLANG_WARN_DEPRECATED_OBJC_IMPLEMENTATIONS = YES;
				CLANG_WARN_DIRECT_OBJC_ISA_USAGE = YES_ERROR;
				CLANG_WARN_DOCUMENTATION_COMMENTS = YES;
				CLANG_WARN_EMPTY_BODY = YES;
				CLANG_WARN_ENUM_CONVERSION = YES;
				CLANG_WARN_INFINITE_RECURSION = YES;
				CLANG_WARN_INT_CONVERSION = YES;
				CLANG_WARN_NON_LITERAL_NULL_CONVERSION = YES;
				CLANG_WARN_OBJC_IMPLICIT_RETAIN_SELF = YES;
				CLANG_WARN_OBJC_LITERAL_CONVERSION = YES;
				CLANG_WARN_OBJC_ROOT_CLASS = YES_ERROR;
				CLANG_WARN_QUOTED_INCLUDE_IN_FRAMEWORK_HEADER = YES;
				CLANG_WARN_RANGE_LOOP_ANALYSIS = YES;
				CLANG_WARN_STRICT_PROTOTYPES = YES;
				CLANG_WARN_SUSPICIOUS_MOVE = YES;
				CLANG_WARN_UNGUARDED_AVAILABILITY = YES_AGGRESSIVE;
				CLANG_WARN_UNREACHABLE_CODE = YES;
				CLANG_WARN__DUPLICATE_METHOD_MATCH = YES;
				COPY_PHASE_STRIP = NO;
				DEBUG_INFORMATION_FORMAT = dwarf;
				ENABLE_STRICT_OBJC_MSGSEND = YES;
				ENABLE_TESTABILITY = YES;
				GCC_C_LANGUAGE_STANDARD = gnu11;
				GCC_DYNAMIC_NO_PIC = NO;
				GCC_NO_COMMON_BLOCKS = YES;
				GCC_OPTIMIZATION_LEVEL = 0;
				GCC_PREPROCESSOR_DEFINITIONS = (
					"DEBUG=1",
					"$(inherited)",
				);
				GCC_WARN_64_TO_32_BIT_CONVERSION = YES;
				GCC_WARN_ABOUT_RETURN_TYPE = YES_ERROR;
				GCC_WARN_UNDECLARED_SELECTOR = YES;
				GCC_WARN_UNINITIALIZED_AUTOS = YES_AGGRESSIVE;
				GCC_WARN_UNUSED_FUNCTION = YES;
				GCC_WARN_UNUSED_VARIABLE = YES;
				IPHONEOS_DEPLOYMENT_TARGET = 14.4;
				MTL_ENABLE_DEBUG_INFO = INCLUDE_SOURCE;
				MTL_FAST_MATH = YES;
				ONLY_ACTIVE_ARCH = YES;
				SDKROOT = iphoneos;
				SWIFT_ACTIVE_COMPILATION_CONDITIONS = DEBUG;
				SWIFT_OPTIMIZATION_LEVEL = "-Onone";
			};
			name = Debug;
		};
		785C86EF25EBA7CB0078357B /* Release */ = {
			isa = XCBuildConfiguration;
			buildSettings = {
				ALWAYS_SEARCH_USER_PATHS = NO;
				CLANG_ANALYZER_NONNULL = YES;
				CLANG_ANALYZER_NUMBER_OBJECT_CONVERSION = YES_AGGRESSIVE;
				CLANG_CXX_LANGUAGE_STANDARD = "gnu++14";
				CLANG_CXX_LIBRARY = "libc++";
				CLANG_ENABLE_MODULES = YES;
				CLANG_ENABLE_OBJC_ARC = YES;
				CLANG_ENABLE_OBJC_WEAK = YES;
				CLANG_WARN_BLOCK_CAPTURE_AUTORELEASING = YES;
				CLANG_WARN_BOOL_CONVERSION = YES;
				CLANG_WARN_COMMA = YES;
				CLANG_WARN_CONSTANT_CONVERSION = YES;
				CLANG_WARN_DEPRECATED_OBJC_IMPLEMENTATIONS = YES;
				CLANG_WARN_DIRECT_OBJC_ISA_USAGE = YES_ERROR;
				CLANG_WARN_DOCUMENTATION_COMMENTS = YES;
				CLANG_WARN_EMPTY_BODY = YES;
				CLANG_WARN_ENUM_CONVERSION = YES;
				CLANG_WARN_INFINITE_RECURSION = YES;
				CLANG_WARN_INT_CONVERSION = YES;
				CLANG_WARN_NON_LITERAL_NULL_CONVERSION = YES;
				CLANG_WARN_OBJC_IMPLICIT_RETAIN_SELF = YES;
				CLANG_WARN_OBJC_LITERAL_CONVERSION = YES;
				CLANG_WARN_OBJC_ROOT_CLASS = YES_ERROR;
				CLANG_WARN_QUOTED_INCLUDE_IN_FRAMEWORK_HEADER = YES;
				CLANG_WARN_RANGE_LOOP_ANALYSIS = YES;
				CLANG_WARN_STRICT_PROTOTYPES = YES;
				CLANG_WARN_SUSPICIOUS_MOVE = YES;
				CLANG_WARN_UNGUARDED_AVAILABILITY = YES_AGGRESSIVE;
				CLANG_WARN_UNREACHABLE_CODE = YES;
				CLANG_WARN__DUPLICATE_METHOD_MATCH = YES;
				COPY_PHASE_STRIP = NO;
				DEBUG_INFORMATION_FORMAT = "dwarf-with-dsym";
				ENABLE_NS_ASSERTIONS = NO;
				ENABLE_STRICT_OBJC_MSGSEND = YES;
				GCC_C_LANGUAGE_STANDARD = gnu11;
				GCC_NO_COMMON_BLOCKS = YES;
				GCC_WARN_64_TO_32_BIT_CONVERSION = YES;
				GCC_WARN_ABOUT_RETURN_TYPE = YES_ERROR;
				GCC_WARN_UNDECLARED_SELECTOR = YES;
				GCC_WARN_UNINITIALIZED_AUTOS = YES_AGGRESSIVE;
				GCC_WARN_UNUSED_FUNCTION = YES;
				GCC_WARN_UNUSED_VARIABLE = YES;
				IPHONEOS_DEPLOYMENT_TARGET = 14.4;
				MTL_ENABLE_DEBUG_INFO = NO;
				MTL_FAST_MATH = YES;
				SDKROOT = iphoneos;
				SWIFT_COMPILATION_MODE = wholemodule;
				SWIFT_OPTIMIZATION_LEVEL = "-O";
				VALIDATE_PRODUCT = YES;
			};
			name = Release;
		};
		785C86F125EBA7CB0078357B /* Debug */ = {
			isa = XCBuildConfiguration;
			buildSettings = {
				ASSETCATALOG_COMPILER_APPICON_NAME = AppIcon;
				ASSETCATALOG_COMPILER_GLOBAL_ACCENT_COLOR_NAME = AccentColor;
				CODE_SIGN_STYLE = Automatic;
				DEVELOPMENT_TEAM = GU6TNC55T8;
				FRAMEWORK_SEARCH_PATHS = (
					"$(inherited)",
					"$(PROJECT_DIR)/PassManageUsingSDK",
				);
				INFOPLIST_FILE = PassManageUsingSDK/Info.plist;
				LD_RUNPATH_SEARCH_PATHS = (
					"$(inherited)",
					"@executable_path/Frameworks",
				);
				PRODUCT_BUNDLE_IDENTIFIER = com.uday.PassManageUsingSDK;
				PRODUCT_NAME = "$(TARGET_NAME)";
				SWIFT_VERSION = 5.0;
				TARGETED_DEVICE_FAMILY = "1,2";
			};
			name = Debug;
		};
		785C86F225EBA7CB0078357B /* Release */ = {
			isa = XCBuildConfiguration;
			buildSettings = {
				ASSETCATALOG_COMPILER_APPICON_NAME = AppIcon;
				ASSETCATALOG_COMPILER_GLOBAL_ACCENT_COLOR_NAME = AccentColor;
				CODE_SIGN_STYLE = Automatic;
				DEVELOPMENT_TEAM = GU6TNC55T8;
				FRAMEWORK_SEARCH_PATHS = (
					"$(inherited)",
					"$(PROJECT_DIR)/PassManageUsingSDK",
				);
				INFOPLIST_FILE = PassManageUsingSDK/Info.plist;
				LD_RUNPATH_SEARCH_PATHS = (
					"$(inherited)",
					"@executable_path/Frameworks",
				);
				PRODUCT_BUNDLE_IDENTIFIER = com.uday.PassManageUsingSDK;
				PRODUCT_NAME = "$(TARGET_NAME)";
				SWIFT_VERSION = 5.0;
				TARGETED_DEVICE_FAMILY = "1,2";
			};
			name = Release;
		};
/* End XCBuildConfiguration section */

/* Begin XCConfigurationList section */
		785C86D725EBA7CB0078357B /* Build configuration list for PBXProject "PassManageUsingSDK" */ = {
			isa = XCConfigurationList;
			buildConfigurations = (
				785C86EE25EBA7CB0078357B /* Debug */,
				785C86EF25EBA7CB0078357B /* Release */,
			);
			defaultConfigurationIsVisible = 0;
			defaultConfigurationName = Release;
		};
		785C86F025EBA7CB0078357B /* Build configuration list for PBXNativeTarget "PassManageUsingSDK" */ = {
			isa = XCConfigurationList;
			buildConfigurations = (
				785C86F125EBA7CB0078357B /* Debug */,
				785C86F225EBA7CB0078357B /* Release */,
			);
			defaultConfigurationIsVisible = 0;
			defaultConfigurationName = Release;
		};
/* End XCConfigurationList section */
	};
	rootObject = 785C86D425EBA7CB0078357B /* Project object */;
}
